// !$*UTF8*$!
{
	archiveVersion = 1;
	classes = {
	};
	objectVersion = 56;
	objects = {

/* Begin PBXBuildFile section */
		6B14ABCF2B9CEBFA002EF508 /* nyct-subway.pb.swift in Sources */ = {isa = PBXBuildFile; fileRef = 6B14ABCD2B9CEBFA002EF508 /* nyct-subway.pb.swift */; };
		6B14ABD02B9CEBFA002EF508 /* gtfs-realtime.pb.swift in Sources */ = {isa = PBXBuildFile; fileRef = 6B14ABCE2B9CEBFA002EF508 /* gtfs-realtime.pb.swift */; };
		6B14ABD32B9CEC56002EF508 /* SwiftProtobuf in Frameworks */ = {isa = PBXBuildFile; productRef = 6B14ABD22B9CEC56002EF508 /* SwiftProtobuf */; };
		6B14ABD52B9CEC56002EF508 /* SwiftProtobufPluginLibrary in Frameworks */ = {isa = PBXBuildFile; productRef = 6B14ABD42B9CEC56002EF508 /* SwiftProtobufPluginLibrary */; };
		6B14ABD72B9CEC56002EF508 /* protoc-gen-swift in Frameworks */ = {isa = PBXBuildFile; productRef = 6B14ABD62B9CEC56002EF508 /* protoc-gen-swift */; };
		6B14ABDA2B9CF08D002EF508 /* Secrets.swift in Sources */ = {isa = PBXBuildFile; fileRef = 6B14ABD92B9CF08D002EF508 /* Secrets.swift */; };
		6B14ABDC2B9CF23D002EF508 /* NetworkUtils.swift in Sources */ = {isa = PBXBuildFile; fileRef = 6B14ABDB2B9CF23D002EF508 /* NetworkUtils.swift */; };
		6B8CA8E72B93C22A00BF1546 /* NextTrainApp.swift in Sources */ = {isa = PBXBuildFile; fileRef = 6B8CA8E62B93C22A00BF1546 /* NextTrainApp.swift */; };
		6B8CA8E92B93C22A00BF1546 /* ContentView.swift in Sources */ = {isa = PBXBuildFile; fileRef = 6B8CA8E82B93C22A00BF1546 /* ContentView.swift */; };
		6B8CA8EB2B93C22C00BF1546 /* Assets.xcassets in Resources */ = {isa = PBXBuildFile; fileRef = 6B8CA8EA2B93C22C00BF1546 /* Assets.xcassets */; };
		6B8CA8EE2B93C22C00BF1546 /* Preview Assets.xcassets in Resources */ = {isa = PBXBuildFile; fileRef = 6B8CA8ED2B93C22C00BF1546 /* Preview Assets.xcassets */; };
		6B8CA8F52B93D72D00BF1546 /* TrainBadge.swift in Sources */ = {isa = PBXBuildFile; fileRef = 6B8CA8F42B93D72D00BF1546 /* TrainBadge.swift */; };
		6B8CA8F92B94F26F00BF1546 /* TrainArrivalIcon.swift in Sources */ = {isa = PBXBuildFile; fileRef = 6B8CA8F82B94F26F00BF1546 /* TrainArrivalIcon.swift */; };
		B7EDBD3A2B93CFF000A88FD4 /* MTAUtils.swift in Sources */ = {isa = PBXBuildFile; fileRef = B7EDBD392B93CFF000A88FD4 /* MTAUtils.swift */; };
/* End PBXBuildFile section */

/* Begin PBXFileReference section */
		6B14ABCD2B9CEBFA002EF508 /* nyct-subway.pb.swift */ = {isa = PBXFileReference; fileEncoding = 4; lastKnownFileType = sourcecode.swift; path = "nyct-subway.pb.swift"; sourceTree = "<group>"; };
		6B14ABCE2B9CEBFA002EF508 /* gtfs-realtime.pb.swift */ = {isa = PBXFileReference; fileEncoding = 4; lastKnownFileType = sourcecode.swift; path = "gtfs-realtime.pb.swift"; sourceTree = "<group>"; };
		6B14ABD92B9CF08D002EF508 /* Secrets.swift */ = {isa = PBXFileReference; lastKnownFileType = sourcecode.swift; path = Secrets.swift; sourceTree = "<group>"; };
		6B14ABDB2B9CF23D002EF508 /* NetworkUtils.swift */ = {isa = PBXFileReference; lastKnownFileType = sourcecode.swift; path = NetworkUtils.swift; sourceTree = "<group>"; };
		6B8CA8E32B93C22A00BF1546 /* NextTrain.app */ = {isa = PBXFileReference; explicitFileType = wrapper.application; includeInIndex = 0; path = NextTrain.app; sourceTree = BUILT_PRODUCTS_DIR; };
		6B8CA8E62B93C22A00BF1546 /* NextTrainApp.swift */ = {isa = PBXFileReference; lastKnownFileType = sourcecode.swift; path = NextTrainApp.swift; sourceTree = "<group>"; };
		6B8CA8E82B93C22A00BF1546 /* ContentView.swift */ = {isa = PBXFileReference; lastKnownFileType = sourcecode.swift; path = ContentView.swift; sourceTree = "<group>"; };
		6B8CA8EA2B93C22C00BF1546 /* Assets.xcassets */ = {isa = PBXFileReference; lastKnownFileType = folder.assetcatalog; path = Assets.xcassets; sourceTree = "<group>"; };
		6B8CA8ED2B93C22C00BF1546 /* Preview Assets.xcassets */ = {isa = PBXFileReference; lastKnownFileType = folder.assetcatalog; path = "Preview Assets.xcassets"; sourceTree = "<group>"; };
		6B8CA8F42B93D72D00BF1546 /* TrainBadge.swift */ = {isa = PBXFileReference; lastKnownFileType = sourcecode.swift; path = TrainBadge.swift; sourceTree = "<group>"; };
		6B8CA8F82B94F26F00BF1546 /* TrainArrivalIcon.swift */ = {isa = PBXFileReference; lastKnownFileType = sourcecode.swift; path = TrainArrivalIcon.swift; sourceTree = "<group>"; };
		B7EDBD392B93CFF000A88FD4 /* MTAUtils.swift */ = {isa = PBXFileReference; lastKnownFileType = sourcecode.swift; path = MTAUtils.swift; sourceTree = "<group>"; };
/* End PBXFileReference section */

/* Begin PBXFrameworksBuildPhase section */
		6B8CA8E02B93C22A00BF1546 /* Frameworks */ = {
			isa = PBXFrameworksBuildPhase;
			buildActionMask = 2147483647;
			files = (
				6B14ABD52B9CEC56002EF508 /* SwiftProtobufPluginLibrary in Frameworks */,
				6B14ABD32B9CEC56002EF508 /* SwiftProtobuf in Frameworks */,
				6B14ABD72B9CEC56002EF508 /* protoc-gen-swift in Frameworks */,
			);
			runOnlyForDeploymentPostprocessing = 0;
		};
/* End PBXFrameworksBuildPhase section */

/* Begin PBXGroup section */
		6B8CA8DA2B93C22A00BF1546 = {
			isa = PBXGroup;
			children = (
				6B8CA8E52B93C22A00BF1546 /* NextTrain */,
				6B8CA8E42B93C22A00BF1546 /* Products */,
			);
			sourceTree = "<group>";
		};
		6B8CA8E42B93C22A00BF1546 /* Products */ = {
			isa = PBXGroup;
			children = (
				6B8CA8E32B93C22A00BF1546 /* NextTrain.app */,
			);
			name = Products;
			sourceTree = "<group>";
		};
		6B8CA8E52B93C22A00BF1546 /* NextTrain */ = {
			isa = PBXGroup;
			children = (
				6B8CA8E62B93C22A00BF1546 /* NextTrainApp.swift */,
				6B8CA8E82B93C22A00BF1546 /* ContentView.swift */,
				B7EDBD392B93CFF000A88FD4 /* MTAUtils.swift */,
				6B14ABDB2B9CF23D002EF508 /* NetworkUtils.swift */,
				6B8CA8F42B93D72D00BF1546 /* TrainBadge.swift */,
				6B8CA8F82B94F26F00BF1546 /* TrainArrivalIcon.swift */,
				6B14ABCE2B9CEBFA002EF508 /* gtfs-realtime.pb.swift */,
				6B14ABCD2B9CEBFA002EF508 /* nyct-subway.pb.swift */,
				6B14ABD92B9CF08D002EF508 /* Secrets.swift */,
				6B8CA8EA2B93C22C00BF1546 /* Assets.xcassets */,
				6B8CA8EC2B93C22C00BF1546 /* Preview Content */,
			);
			path = NextTrain;
			sourceTree = "<group>";
		};
		6B8CA8EC2B93C22C00BF1546 /* Preview Content */ = {
			isa = PBXGroup;
			children = (
				6B8CA8ED2B93C22C00BF1546 /* Preview Assets.xcassets */,
			);
			path = "Preview Content";
			sourceTree = "<group>";
		};
/* End PBXGroup section */

/* Begin PBXNativeTarget section */
		6B8CA8E22B93C22A00BF1546 /* NextTrain */ = {
			isa = PBXNativeTarget;
			buildConfigurationList = 6B8CA8F12B93C22C00BF1546 /* Build configuration list for PBXNativeTarget "NextTrain" */;
			buildPhases = (
				6B8CA8DF2B93C22A00BF1546 /* Sources */,
				6B8CA8E02B93C22A00BF1546 /* Frameworks */,
				6B8CA8E12B93C22A00BF1546 /* Resources */,
			);
			buildRules = (
			);
			dependencies = (
			);
			name = NextTrain;
			packageProductDependencies = (
				6B14ABD22B9CEC56002EF508 /* SwiftProtobuf */,
				6B14ABD42B9CEC56002EF508 /* SwiftProtobufPluginLibrary */,
				6B14ABD62B9CEC56002EF508 /* protoc-gen-swift */,
			);
			productName = NextTrain;
			productReference = 6B8CA8E32B93C22A00BF1546 /* NextTrain.app */;
			productType = "com.apple.product-type.application";
		};
/* End PBXNativeTarget section */

/* Begin PBXProject section */
		6B8CA8DB2B93C22A00BF1546 /* Project object */ = {
			isa = PBXProject;
			attributes = {
				BuildIndependentTargetsInParallel = 1;
				LastSwiftUpdateCheck = 1510;
				LastUpgradeCheck = 1510;
				TargetAttributes = {
					6B8CA8E22B93C22A00BF1546 = {
						CreatedOnToolsVersion = 15.1;
					};
				};
			};
			buildConfigurationList = 6B8CA8DE2B93C22A00BF1546 /* Build configuration list for PBXProject "NextTrain" */;
			compatibilityVersion = "Xcode 14.0";
			developmentRegion = en;
			hasScannedForEncodings = 0;
			knownRegions = (
				en,
				Base,
			);
			mainGroup = 6B8CA8DA2B93C22A00BF1546;
			packageReferences = (
				6B14ABD12B9CEC55002EF508 /* XCRemoteSwiftPackageReference "swift-protobuf" */,
			);
			productRefGroup = 6B8CA8E42B93C22A00BF1546 /* Products */;
			projectDirPath = "";
			projectRoot = "";
			targets = (
				6B8CA8E22B93C22A00BF1546 /* NextTrain */,
			);
		};
/* End PBXProject section */

/* Begin PBXResourcesBuildPhase section */
		6B8CA8E12B93C22A00BF1546 /* Resources */ = {
			isa = PBXResourcesBuildPhase;
			buildActionMask = 2147483647;
			files = (
				6B8CA8EE2B93C22C00BF1546 /* Preview Assets.xcassets in Resources */,
				6B8CA8EB2B93C22C00BF1546 /* Assets.xcassets in Resources */,
			);
			runOnlyForDeploymentPostprocessing = 0;
		};
/* End PBXResourcesBuildPhase section */

/* Begin PBXSourcesBuildPhase section */
		6B8CA8DF2B93C22A00BF1546 /* Sources */ = {
			isa = PBXSourcesBuildPhase;
			buildActionMask = 2147483647;
			files = (
				6B8CA8F52B93D72D00BF1546 /* TrainBadge.swift in Sources */,
				6B14ABDA2B9CF08D002EF508 /* Secrets.swift in Sources */,
				B7EDBD3A2B93CFF000A88FD4 /* MTAUtils.swift in Sources */,
				6B8CA8F92B94F26F00BF1546 /* TrainArrivalIcon.swift in Sources */,
				6B14ABDC2B9CF23D002EF508 /* NetworkUtils.swift in Sources */,
				6B14ABD02B9CEBFA002EF508 /* gtfs-realtime.pb.swift in Sources */,
				6B8CA8E92B93C22A00BF1546 /* ContentView.swift in Sources */,
				6B8CA8E72B93C22A00BF1546 /* NextTrainApp.swift in Sources */,
				6B14ABCF2B9CEBFA002EF508 /* nyct-subway.pb.swift in Sources */,
			);
			runOnlyForDeploymentPostprocessing = 0;
		};
/* End PBXSourcesBuildPhase section */

/* Begin XCBuildConfiguration section */
		6B8CA8EF2B93C22C00BF1546 /* Debug */ = {
			isa = XCBuildConfiguration;
			buildSettings = {
				ALWAYS_SEARCH_USER_PATHS = NO;
				ASSETCATALOG_COMPILER_GENERATE_SWIFT_ASSET_SYMBOL_EXTENSIONS = YES;
				CLANG_ANALYZER_NONNULL = YES;
				CLANG_ANALYZER_NUMBER_OBJECT_CONVERSION = YES_AGGRESSIVE;
				CLANG_CXX_LANGUAGE_STANDARD = "gnu++20";
				CLANG_ENABLE_MODULES = YES;
				CLANG_ENABLE_OBJC_ARC = YES;
				CLANG_ENABLE_OBJC_WEAK = YES;
				CLANG_WARN_BLOCK_CAPTURE_AUTORELEASING = YES;
				CLANG_WARN_BOOL_CONVERSION = YES;
				CLANG_WARN_COMMA = YES;
				CLANG_WARN_CONSTANT_CONVERSION = YES;
				CLANG_WARN_DEPRECATED_OBJC_IMPLEMENTATIONS = YES;
				CLANG_WARN_DIRECT_OBJC_ISA_USAGE = YES_ERROR;
				CLANG_WARN_DOCUMENTATION_COMMENTS = YES;
				CLANG_WARN_EMPTY_BODY = YES;
				CLANG_WARN_ENUM_CONVERSION = YES;
				CLANG_WARN_INFINITE_RECURSION = YES;
				CLANG_WARN_INT_CONVERSION = YES;
				CLANG_WARN_NON_LITERAL_NULL_CONVERSION = YES;
				CLANG_WARN_OBJC_IMPLICIT_RETAIN_SELF = YES;
				CLANG_WARN_OBJC_LITERAL_CONVERSION = YES;
				CLANG_WARN_OBJC_ROOT_CLASS = YES_ERROR;
				CLANG_WARN_QUOTED_INCLUDE_IN_FRAMEWORK_HEADER = YES;
				CLANG_WARN_RANGE_LOOP_ANALYSIS = YES;
				CLANG_WARN_STRICT_PROTOTYPES = YES;
				CLANG_WARN_SUSPICIOUS_MOVE = YES;
				CLANG_WARN_UNGUARDED_AVAILABILITY = YES_AGGRESSIVE;
				CLANG_WARN_UNREACHABLE_CODE = YES;
				CLANG_WARN__DUPLICATE_METHOD_MATCH = YES;
				COPY_PHASE_STRIP = NO;
				DEBUG_INFORMATION_FORMAT = dwarf;
				ENABLE_STRICT_OBJC_MSGSEND = YES;
				ENABLE_TESTABILITY = YES;
				ENABLE_USER_SCRIPT_SANDBOXING = YES;
				GCC_C_LANGUAGE_STANDARD = gnu17;
				GCC_DYNAMIC_NO_PIC = NO;
				GCC_NO_COMMON_BLOCKS = YES;
				GCC_OPTIMIZATION_LEVEL = 0;
				GCC_PREPROCESSOR_DEFINITIONS = (
					"DEBUG=1",
					"$(inherited)",
				);
				GCC_WARN_64_TO_32_BIT_CONVERSION = YES;
				GCC_WARN_ABOUT_RETURN_TYPE = YES_ERROR;
				GCC_WARN_UNDECLARED_SELECTOR = YES;
				GCC_WARN_UNINITIALIZED_AUTOS = YES_AGGRESSIVE;
				GCC_WARN_UNUSED_FUNCTION = YES;
				GCC_WARN_UNUSED_VARIABLE = YES;
				IPHONEOS_DEPLOYMENT_TARGET = 17.2;
				LOCALIZATION_PREFERS_STRING_CATALOGS = YES;
				MTL_ENABLE_DEBUG_INFO = INCLUDE_SOURCE;
				MTL_FAST_MATH = YES;
				ONLY_ACTIVE_ARCH = YES;
				SDKROOT = iphoneos;
				SWIFT_ACTIVE_COMPILATION_CONDITIONS = "DEBUG $(inherited)";
				SWIFT_OPTIMIZATION_LEVEL = "-Onone";
			};
			name = Debug;
		};
		6B8CA8F02B93C22C00BF1546 /* Release */ = {
			isa = XCBuildConfiguration;
			buildSettings = {
				ALWAYS_SEARCH_USER_PATHS = NO;
				ASSETCATALOG_COMPILER_GENERATE_SWIFT_ASSET_SYMBOL_EXTENSIONS = YES;
				CLANG_ANALYZER_NONNULL = YES;
				CLANG_ANALYZER_NUMBER_OBJECT_CONVERSION = YES_AGGRESSIVE;
				CLANG_CXX_LANGUAGE_STANDARD = "gnu++20";
				CLANG_ENABLE_MODULES = YES;
				CLANG_ENABLE_OBJC_ARC = YES;
				CLANG_ENABLE_OBJC_WEAK = YES;
				CLANG_WARN_BLOCK_CAPTURE_AUTORELEASING = YES;
				CLANG_WARN_BOOL_CONVERSION = YES;
				CLANG_WARN_COMMA = YES;
				CLANG_WARN_CONSTANT_CONVERSION = YES;
				CLANG_WARN_DEPRECATED_OBJC_IMPLEMENTATIONS = YES;
				CLANG_WARN_DIRECT_OBJC_ISA_USAGE = YES_ERROR;
				CLANG_WARN_DOCUMENTATION_COMMENTS = YES;
				CLANG_WARN_EMPTY_BODY = YES;
				CLANG_WARN_ENUM_CONVERSION = YES;
				CLANG_WARN_INFINITE_RECURSION = YES;
				CLANG_WARN_INT_CONVERSION = YES;
				CLANG_WARN_NON_LITERAL_NULL_CONVERSION = YES;
				CLANG_WARN_OBJC_IMPLICIT_RETAIN_SELF = YES;
				CLANG_WARN_OBJC_LITERAL_CONVERSION = YES;
				CLANG_WARN_OBJC_ROOT_CLASS = YES_ERROR;
				CLANG_WARN_QUOTED_INCLUDE_IN_FRAMEWORK_HEADER = YES;
				CLANG_WARN_RANGE_LOOP_ANALYSIS = YES;
				CLANG_WARN_STRICT_PROTOTYPES = YES;
				CLANG_WARN_SUSPICIOUS_MOVE = YES;
				CLANG_WARN_UNGUARDED_AVAILABILITY = YES_AGGRESSIVE;
				CLANG_WARN_UNREACHABLE_CODE = YES;
				CLANG_WARN__DUPLICATE_METHOD_MATCH = YES;
				COPY_PHASE_STRIP = NO;
				DEBUG_INFORMATION_FORMAT = "dwarf-with-dsym";
				ENABLE_NS_ASSERTIONS = NO;
				ENABLE_STRICT_OBJC_MSGSEND = YES;
				ENABLE_USER_SCRIPT_SANDBOXING = YES;
				GCC_C_LANGUAGE_STANDARD = gnu17;
				GCC_NO_COMMON_BLOCKS = YES;
				GCC_WARN_64_TO_32_BIT_CONVERSION = YES;
				GCC_WARN_ABOUT_RETURN_TYPE = YES_ERROR;
				GCC_WARN_UNDECLARED_SELECTOR = YES;
				GCC_WARN_UNINITIALIZED_AUTOS = YES_AGGRESSIVE;
				GCC_WARN_UNUSED_FUNCTION = YES;
				GCC_WARN_UNUSED_VARIABLE = YES;
				IPHONEOS_DEPLOYMENT_TARGET = 17.2;
				LOCALIZATION_PREFERS_STRING_CATALOGS = YES;
				MTL_ENABLE_DEBUG_INFO = NO;
				MTL_FAST_MATH = YES;
				SDKROOT = iphoneos;
				SWIFT_COMPILATION_MODE = wholemodule;
				VALIDATE_PRODUCT = YES;
			};
			name = Release;
		};
		6B8CA8F22B93C22C00BF1546 /* Debug */ = {
			isa = XCBuildConfiguration;
			buildSettings = {
				ASSETCATALOG_COMPILER_APPICON_NAME = AppIcon;
				ASSETCATALOG_COMPILER_GLOBAL_ACCENT_COLOR_NAME = AccentColor;
				CODE_SIGN_STYLE = Automatic;
				CURRENT_PROJECT_VERSION = 1;
				DEVELOPMENT_ASSET_PATHS = "\"NextTrain/Preview Content\"";
				DEVELOPMENT_TEAM = GRARWWDC64;
				ENABLE_PREVIEWS = YES;
				GENERATE_INFOPLIST_FILE = YES;
				INFOPLIST_KEY_UIApplicationSceneManifest_Generation = YES;
				INFOPLIST_KEY_UIApplicationSupportsIndirectInputEvents = YES;
				INFOPLIST_KEY_UILaunchScreen_Generation = YES;
				INFOPLIST_KEY_UISupportedInterfaceOrientations_iPad = "UIInterfaceOrientationPortrait UIInterfaceOrientationPortraitUpsideDown UIInterfaceOrientationLandscapeLeft UIInterfaceOrientationLandscapeRight";
				INFOPLIST_KEY_UISupportedInterfaceOrientations_iPhone = "UIInterfaceOrientationPortrait UIInterfaceOrientationLandscapeLeft UIInterfaceOrientationLandscapeRight";
				LD_RUNPATH_SEARCH_PATHS = (
					"$(inherited)",
					"@executable_path/Frameworks",
				);
				MARKETING_VERSION = 1.0;
				PRODUCT_BUNDLE_IDENTIFIER = BenGlidden.NextTrain;
				PRODUCT_NAME = "$(TARGET_NAME)";
				SWIFT_EMIT_LOC_STRINGS = YES;
				SWIFT_VERSION = 5.0;
				TARGETED_DEVICE_FAMILY = "1,2";
			};
			name = Debug;
		};
		6B8CA8F32B93C22C00BF1546 /* Release */ = {
			isa = XCBuildConfiguration;
			buildSettings = {
				ASSETCATALOG_COMPILER_APPICON_NAME = AppIcon;
				ASSETCATALOG_COMPILER_GLOBAL_ACCENT_COLOR_NAME = AccentColor;
				CODE_SIGN_STYLE = Automatic;
				CURRENT_PROJECT_VERSION = 1;
				DEVELOPMENT_ASSET_PATHS = "\"NextTrain/Preview Content\"";
				DEVELOPMENT_TEAM = GRARWWDC64;
				ENABLE_PREVIEWS = YES;
				GENERATE_INFOPLIST_FILE = YES;
				INFOPLIST_KEY_UIApplicationSceneManifest_Generation = YES;
				INFOPLIST_KEY_UIApplicationSupportsIndirectInputEvents = YES;
				INFOPLIST_KEY_UILaunchScreen_Generation = YES;
				INFOPLIST_KEY_UISupportedInterfaceOrientations_iPad = "UIInterfaceOrientationPortrait UIInterfaceOrientationPortraitUpsideDown UIInterfaceOrientationLandscapeLeft UIInterfaceOrientationLandscapeRight";
				INFOPLIST_KEY_UISupportedInterfaceOrientations_iPhone = "UIInterfaceOrientationPortrait UIInterfaceOrientationLandscapeLeft UIInterfaceOrientationLandscapeRight";
				LD_RUNPATH_SEARCH_PATHS = (
					"$(inherited)",
					"@executable_path/Frameworks",
				);
				MARKETING_VERSION = 1.0;
				PRODUCT_BUNDLE_IDENTIFIER = BenGlidden.NextTrain;
				PRODUCT_NAME = "$(TARGET_NAME)";
				SWIFT_EMIT_LOC_STRINGS = YES;
				SWIFT_VERSION = 5.0;
				TARGETED_DEVICE_FAMILY = "1,2";
			};
			name = Release;
		};
/* End XCBuildConfiguration section */

/* Begin XCConfigurationList section */
		6B8CA8DE2B93C22A00BF1546 /* Build configuration list for PBXProject "NextTrain" */ = {
			isa = XCConfigurationList;
			buildConfigurations = (
				6B8CA8EF2B93C22C00BF1546 /* Debug */,
				6B8CA8F02B93C22C00BF1546 /* Release */,
			);
			defaultConfigurationIsVisible = 0;
			defaultConfigurationName = Release;
		};
		6B8CA8F12B93C22C00BF1546 /* Build configuration list for PBXNativeTarget "NextTrain" */ = {
			isa = XCConfigurationList;
			buildConfigurations = (
				6B8CA8F22B93C22C00BF1546 /* Debug */,
				6B8CA8F32B93C22C00BF1546 /* Release */,
			);
			defaultConfigurationIsVisible = 0;
			defaultConfigurationName = Release;
		};
/* End XCConfigurationList section */

/* Begin XCRemoteSwiftPackageReference section */
		6B14ABD12B9CEC55002EF508 /* XCRemoteSwiftPackageReference "swift-protobuf" */ = {
			isa = XCRemoteSwiftPackageReference;
			repositoryURL = "https://github.com/apple/swift-protobuf.git";
			requirement = {
				kind = upToNextMajorVersion;
				minimumVersion = 1.25.2;
			};
		};
/* End XCRemoteSwiftPackageReference section */

/* Begin XCSwiftPackageProductDependency section */
		6B14ABD22B9CEC56002EF508 /* SwiftProtobuf */ = {
			isa = XCSwiftPackageProductDependency;
			package = 6B14ABD12B9CEC55002EF508 /* XCRemoteSwiftPackageReference "swift-protobuf" */;
			productName = SwiftProtobuf;
		};
		6B14ABD42B9CEC56002EF508 /* SwiftProtobufPluginLibrary */ = {
			isa = XCSwiftPackageProductDependency;
			package = 6B14ABD12B9CEC55002EF508 /* XCRemoteSwiftPackageReference "swift-protobuf" */;
			productName = SwiftProtobufPluginLibrary;
		};
		6B14ABD62B9CEC56002EF508 /* protoc-gen-swift */ = {
			isa = XCSwiftPackageProductDependency;
			package = 6B14ABD12B9CEC55002EF508 /* XCRemoteSwiftPackageReference "swift-protobuf" */;
			productName = "protoc-gen-swift";
		};
/* End XCSwiftPackageProductDependency section */
	};
	rootObject = 6B8CA8DB2B93C22A00BF1546 /* Project object */;
}
